
Microsoft Visual Studio Solution File, Format Version 12.00
# Visual Studio Version 17
VisualStudioVersion = 17.4.33205.214
MinimumVisualStudioVersion = 10.0.40219.1
Project("{9A19103F-16F7-4668-BE54-9A1E7A4F7556}") = "pz_5", "pz_5\pz_5.csproj", "{159BC09D-1E77-4643-B0E4-42BABB50E682}"
EndProject
Project("{9A19103F-16F7-4668-BE54-9A1E7A4F7556}") = "pz_6", "pz_6\pz_6.csproj", "{BF34B184-24B9-4FDC-8A0D-8067DAD952A7}"
EndProject
Project("{9A19103F-16F7-4668-BE54-9A1E7A4F7556}") = "pz_7", "pz_7\pz_7.csproj", "{640B1696-4114-47BD-8873-27FC319D6884}"
EndProject
Project("{9A19103F-16F7-4668-BE54-9A1E7A4F7556}") = "pz_8", "pz_8\pz_8.csproj", "{ACADBB34-CB45-488E-89F1-1F4865D660FC}"
EndProject
Project("{9A19103F-16F7-4668-BE54-9A1E7A4F7556}") = "pz_9", "pz_9\pz_9.csproj", "{42785AEB-AAEA-4904-80B9-4295BDD7930E}"
EndProject
Project("{9A19103F-16F7-4668-BE54-9A1E7A4F7556}") = "pz_10", "pz_10\pz_10.csproj", "{4B0642B6-56BC-4CBC-B9CE-361AC1FF3E9A}"
EndProject
Project("{9A19103F-16F7-4668-BE54-9A1E7A4F7556}") = "pz_11.1", "pz_11.1\pz_11.1.csproj", "{CFDD963A-BC2C-45FC-B633-3F306A068CB7}"
EndProject
Project("{9A19103F-16F7-4668-BE54-9A1E7A4F7556}") = "pz_11.2", "pz_11.2\pz_11.2.csproj", "{A36144BC-D030-4B64-9405-7CBD12C4EEC8}"
EndProject
Project("{9A19103F-16F7-4668-BE54-9A1E7A4F7556}") = "pz_12", "pz_12\pz_12.csproj", "{9EA771AA-5412-4A24-B9F6-288B4E97B752}"
EndProject
Project("{9A19103F-16F7-4668-BE54-9A1E7A4F7556}") = "pz_13", "pz_13\pz_13.csproj", "{20DB3A7E-6ED4-4F18-984C-774325362FD7}"
EndProject
Project("{9A19103F-16F7-4668-BE54-9A1E7A4F7556}") = "pz_14", "pz_14\pz_14.csproj", "{DDD6B962-5B0C-4B8D-A16A-E7C127EE5925}"
EndProject
Project("{9A19103F-16F7-4668-BE54-9A1E7A4F7556}") = "pz_15", "pz_15\pz_15.csproj", "{315EE5E7-4F04-4053-9DB9-66E078F94B16}"
EndProject
Project("{9A19103F-16F7-4668-BE54-9A1E7A4F7556}") = "pz_16", "pz_16\pz_16.csproj", "{2F23E07F-045E-4116-8B10-D10294981774}"
EndProject
Project("{9A19103F-16F7-4668-BE54-9A1E7A4F7556}") = "pz_17", "pz_17\pz_17.csproj", "{237886AE-79F5-4874-8321-6C6FEDDB53F3}"
EndProject
Project("{9A19103F-16F7-4668-BE54-9A1E7A4F7556}") = "pz_18.1", "pz_18.1\pz_18.1.csproj", "{3F70A52F-66C8-4463-ADE2-4EEB3211AE16}"
EndProject
Project("{9A19103F-16F7-4668-BE54-9A1E7A4F7556}") = "pz_18.2", "pz_18.2\pz_18.2.csproj", "{319DE2FD-2B6B-4F22-8417-B5C1F0FB0C1B}"
EndProject
Project("{9A19103F-16F7-4668-BE54-9A1E7A4F7556}") = "pz_19.1", "pz_19.1\pz_19.1.csproj", "{62575F9B-25FA-4515-A2DE-36D0C9E05EDB}"
EndProject
Project("{9A19103F-16F7-4668-BE54-9A1E7A4F7556}") = "pz_19.2", "pz_19.2\pz_19.2.csproj", "{6C44D728-4579-4F62-A03F-5417E2048765}"
EndProject
Project("{9A19103F-16F7-4668-BE54-9A1E7A4F7556}") = "pz_4", "pz_4\pz_4.csproj", "{F56D7F99-2D44-409B-9232-2F5547ED6ED6}"
EndProject
Project("{9A19103F-16F7-4668-BE54-9A1E7A4F7556}") = "pz_2", "pz_2\pz_2.csproj", "{31A05D7B-B159-4A88-8AA4-B8D580B9501B}"
EndProject
Project("{9A19103F-16F7-4668-BE54-9A1E7A4F7556}") = "pz_20", "pz_20\pz_20.csproj", "{24D5D44C-2E2E-4080-8263-9A7D48DF0378}"
EndProject
Project("{9A19103F-16F7-4668-BE54-9A1E7A4F7556}") = "pz_21", "pz_21\pz_21.csproj", "{C00B8F32-DE02-4F2E-B254-AD9D502C524A}"
EndProject
Project("{9A19103F-16F7-4668-BE54-9A1E7A4F7556}") = "pz_22", "pz_22\pz_22.csproj", "{FF55FEAA-58AC-4874-84AE-D04F9AF24227}"
EndProject
Project("{9A19103F-16F7-4668-BE54-9A1E7A4F7556}") = "pz_23", "pz_23\pz_23.csproj", "{C2A6A9DE-984F-4927-BBD1-1F5A7B237392}"
EndProject
Project("{9A19103F-16F7-4668-BE54-9A1E7A4F7556}") = "pz_24", "pz_24\pz_24.csproj", "{A67E88FA-1495-4B9A-B36E-4A77252500ED}"
EndProject
Project("{9A19103F-16F7-4668-BE54-9A1E7A4F7556}") = "pz_26", "pz_26\pz_26.csproj", "{0832F2EC-044D-4F38-9073-CCCDDF422511}"
EndProject
Project("{9A19103F-16F7-4668-BE54-9A1E7A4F7556}") = "pz_25", "pz_25\pz_25.csproj", "{7D45B035-91D8-4097-ACAC-4B0650056689}"
EndProject
Project("{9A19103F-16F7-4668-BE54-9A1E7A4F7556}") = "pz_28", "pz_28\pz_28.csproj", "{1125BC86-798B-42D9-A9A2-DB365935A58A}"
EndProject
Project("{FAE04EC0-301F-11D3-BF4B-00C04F79EFBC}") = "pz_28_var3", "pz_28_var3\pz_28_var3.csproj", "{F1170026-74A0-4A11-9DDC-3786B7537841}"
EndProject
Global
	GlobalSection(SolutionConfigurationPlatforms) = preSolution
		Debug|Any CPU = Debug|Any CPU
		Release|Any CPU = Release|Any CPU
	EndGlobalSection
	GlobalSection(ProjectConfigurationPlatforms) = postSolution
		{159BC09D-1E77-4643-B0E4-42BABB50E682}.Debug|Any CPU.ActiveCfg = Debug|Any CPU
		{159BC09D-1E77-4643-B0E4-42BABB50E682}.Debug|Any CPU.Build.0 = Debug|Any CPU
		{159BC09D-1E77-4643-B0E4-42BABB50E682}.Release|Any CPU.ActiveCfg = Release|Any CPU
		{159BC09D-1E77-4643-B0E4-42BABB50E682}.Release|Any CPU.Build.0 = Release|Any CPU
		{BF34B184-24B9-4FDC-8A0D-8067DAD952A7}.Debug|Any CPU.ActiveCfg = Debug|Any CPU
		{BF34B184-24B9-4FDC-8A0D-8067DAD952A7}.Debug|Any CPU.Build.0 = Debug|Any CPU
		{BF34B184-24B9-4FDC-8A0D-8067DAD952A7}.Release|Any CPU.ActiveCfg = Release|Any CPU
		{BF34B184-24B9-4FDC-8A0D-8067DAD952A7}.Release|Any CPU.Build.0 = Release|Any CPU
		{640B1696-4114-47BD-8873-27FC319D6884}.Debug|Any CPU.ActiveCfg = Debug|Any CPU
		{640B1696-4114-47BD-8873-27FC319D6884}.Debug|Any CPU.Build.0 = Debug|Any CPU
		{640B1696-4114-47BD-8873-27FC319D6884}.Release|Any CPU.ActiveCfg = Release|Any CPU
		{640B1696-4114-47BD-8873-27FC319D6884}.Release|Any CPU.Build.0 = Release|Any CPU
		{ACADBB34-CB45-488E-89F1-1F4865D660FC}.Debug|Any CPU.ActiveCfg = Debug|Any CPU
		{ACADBB34-CB45-488E-89F1-1F4865D660FC}.Debug|Any CPU.Build.0 = Debug|Any CPU
		{ACADBB34-CB45-488E-89F1-1F4865D660FC}.Release|Any CPU.ActiveCfg = Release|Any CPU
		{ACADBB34-CB45-488E-89F1-1F4865D660FC}.Release|Any CPU.Build.0 = Release|Any CPU
		{42785AEB-AAEA-4904-80B9-4295BDD7930E}.Debug|Any CPU.ActiveCfg = Debug|Any CPU
		{42785AEB-AAEA-4904-80B9-4295BDD7930E}.Debug|Any CPU.Build.0 = Debug|Any CPU
		{42785AEB-AAEA-4904-80B9-4295BDD7930E}.Release|Any CPU.ActiveCfg = Release|Any CPU
		{42785AEB-AAEA-4904-80B9-4295BDD7930E}.Release|Any CPU.Build.0 = Release|Any CPU
		{4B0642B6-56BC-4CBC-B9CE-361AC1FF3E9A}.Debug|Any CPU.ActiveCfg = Debug|Any CPU
		{4B0642B6-56BC-4CBC-B9CE-361AC1FF3E9A}.Debug|Any CPU.Build.0 = Debug|Any CPU
		{4B0642B6-56BC-4CBC-B9CE-361AC1FF3E9A}.Release|Any CPU.ActiveCfg = Release|Any CPU
		{4B0642B6-56BC-4CBC-B9CE-361AC1FF3E9A}.Release|Any CPU.Build.0 = Release|Any CPU
		{CFDD963A-BC2C-45FC-B633-3F306A068CB7}.Debug|Any CPU.ActiveCfg = Debug|Any CPU
		{CFDD963A-BC2C-45FC-B633-3F306A068CB7}.Debug|Any CPU.Build.0 = Debug|Any CPU
		{CFDD963A-BC2C-45FC-B633-3F306A068CB7}.Release|Any CPU.ActiveCfg = Release|Any CPU
		{CFDD963A-BC2C-45FC-B633-3F306A068CB7}.Release|Any CPU.Build.0 = Release|Any CPU
		{A36144BC-D030-4B64-9405-7CBD12C4EEC8}.Debug|Any CPU.ActiveCfg = Debug|Any CPU
		{A36144BC-D030-4B64-9405-7CBD12C4EEC8}.Debug|Any CPU.Build.0 = Debug|Any CPU
		{A36144BC-D030-4B64-9405-7CBD12C4EEC8}.Release|Any CPU.ActiveCfg = Release|Any CPU
		{A36144BC-D030-4B64-9405-7CBD12C4EEC8}.Release|Any CPU.Build.0 = Release|Any CPU
		{9EA771AA-5412-4A24-B9F6-288B4E97B752}.Debug|Any CPU.ActiveCfg = Debug|Any CPU
		{9EA771AA-5412-4A24-B9F6-288B4E97B752}.Debug|Any CPU.Build.0 = Debug|Any CPU
		{9EA771AA-5412-4A24-B9F6-288B4E97B752}.Release|Any CPU.ActiveCfg = Release|Any CPU
		{9EA771AA-5412-4A24-B9F6-288B4E97B752}.Release|Any CPU.Build.0 = Release|Any CPU
		{20DB3A7E-6ED4-4F18-984C-774325362FD7}.Debug|Any CPU.ActiveCfg = Debug|Any CPU
		{20DB3A7E-6ED4-4F18-984C-774325362FD7}.Debug|Any CPU.Build.0 = Debug|Any CPU
		{20DB3A7E-6ED4-4F18-984C-774325362FD7}.Release|Any CPU.ActiveCfg = Release|Any CPU
		{20DB3A7E-6ED4-4F18-984C-774325362FD7}.Release|Any CPU.Build.0 = Release|Any CPU
		{DDD6B962-5B0C-4B8D-A16A-E7C127EE5925}.Debug|Any CPU.ActiveCfg = Debug|Any CPU
		{DDD6B962-5B0C-4B8D-A16A-E7C127EE5925}.Debug|Any CPU.Build.0 = Debug|Any CPU
		{DDD6B962-5B0C-4B8D-A16A-E7C127EE5925}.Release|Any CPU.ActiveCfg = Release|Any CPU
		{DDD6B962-5B0C-4B8D-A16A-E7C127EE5925}.Release|Any CPU.Build.0 = Release|Any CPU
		{315EE5E7-4F04-4053-9DB9-66E078F94B16}.Debug|Any CPU.ActiveCfg = Debug|Any CPU
		{315EE5E7-4F04-4053-9DB9-66E078F94B16}.Debug|Any CPU.Build.0 = Debug|Any CPU
		{315EE5E7-4F04-4053-9DB9-66E078F94B16}.Release|Any CPU.ActiveCfg = Release|Any CPU
		{315EE5E7-4F04-4053-9DB9-66E078F94B16}.Release|Any CPU.Build.0 = Release|Any CPU
		{2F23E07F-045E-4116-8B10-D10294981774}.Debug|Any CPU.ActiveCfg = Debug|Any CPU
		{2F23E07F-045E-4116-8B10-D10294981774}.Debug|Any CPU.Build.0 = Debug|Any CPU
		{2F23E07F-045E-4116-8B10-D10294981774}.Release|Any CPU.ActiveCfg = Release|Any CPU
		{2F23E07F-045E-4116-8B10-D10294981774}.Release|Any CPU.Build.0 = Release|Any CPU
		{237886AE-79F5-4874-8321-6C6FEDDB53F3}.Debug|Any CPU.ActiveCfg = Debug|Any CPU
		{237886AE-79F5-4874-8321-6C6FEDDB53F3}.Debug|Any CPU.Build.0 = Debug|Any CPU
		{237886AE-79F5-4874-8321-6C6FEDDB53F3}.Release|Any CPU.ActiveCfg = Release|Any CPU
		{237886AE-79F5-4874-8321-6C6FEDDB53F3}.Release|Any CPU.Build.0 = Release|Any CPU
		{3F70A52F-66C8-4463-ADE2-4EEB3211AE16}.Debug|Any CPU.ActiveCfg = Debug|Any CPU
		{3F70A52F-66C8-4463-ADE2-4EEB3211AE16}.Debug|Any CPU.Build.0 = Debug|Any CPU
		{3F70A52F-66C8-4463-ADE2-4EEB3211AE16}.Release|Any CPU.ActiveCfg = Release|Any CPU
		{3F70A52F-66C8-4463-ADE2-4EEB3211AE16}.Release|Any CPU.Build.0 = Release|Any CPU
		{319DE2FD-2B6B-4F22-8417-B5C1F0FB0C1B}.Debug|Any CPU.ActiveCfg = Debug|Any CPU
		{319DE2FD-2B6B-4F22-8417-B5C1F0FB0C1B}.Debug|Any CPU.Build.0 = Debug|Any CPU
		{319DE2FD-2B6B-4F22-8417-B5C1F0FB0C1B}.Release|Any CPU.ActiveCfg = Release|Any CPU
		{319DE2FD-2B6B-4F22-8417-B5C1F0FB0C1B}.Release|Any CPU.Build.0 = Release|Any CPU
		{62575F9B-25FA-4515-A2DE-36D0C9E05EDB}.Debug|Any CPU.ActiveCfg = Debug|Any CPU
		{62575F9B-25FA-4515-A2DE-36D0C9E05EDB}.Debug|Any CPU.Build.0 = Debug|Any CPU
		{62575F9B-25FA-4515-A2DE-36D0C9E05EDB}.Release|Any CPU.ActiveCfg = Release|Any CPU
		{62575F9B-25FA-4515-A2DE-36D0C9E05EDB}.Release|Any CPU.Build.0 = Release|Any CPU
		{6C44D728-4579-4F62-A03F-5417E2048765}.Debug|Any CPU.ActiveCfg = Debug|Any CPU
		{6C44D728-4579-4F62-A03F-5417E2048765}.Debug|Any CPU.Build.0 = Debug|Any CPU
		{6C44D728-4579-4F62-A03F-5417E2048765}.Release|Any CPU.ActiveCfg = Release|Any CPU
		{6C44D728-4579-4F62-A03F-5417E2048765}.Release|Any CPU.Build.0 = Release|Any CPU
		{F56D7F99-2D44-409B-9232-2F5547ED6ED6}.Debug|Any CPU.ActiveCfg = Debug|Any CPU
		{F56D7F99-2D44-409B-9232-2F5547ED6ED6}.Debug|Any CPU.Build.0 = Debug|Any CPU
		{F56D7F99-2D44-409B-9232-2F5547ED6ED6}.Release|Any CPU.ActiveCfg = Release|Any CPU
		{F56D7F99-2D44-409B-9232-2F5547ED6ED6}.Release|Any CPU.Build.0 = Release|Any CPU
		{31A05D7B-B159-4A88-8AA4-B8D580B9501B}.Debug|Any CPU.ActiveCfg = Debug|Any CPU
		{31A05D7B-B159-4A88-8AA4-B8D580B9501B}.Debug|Any CPU.Build.0 = Debug|Any CPU
		{31A05D7B-B159-4A88-8AA4-B8D580B9501B}.Release|Any CPU.ActiveCfg = Release|Any CPU
		{31A05D7B-B159-4A88-8AA4-B8D580B9501B}.Release|Any CPU.Build.0 = Release|Any CPU
		{24D5D44C-2E2E-4080-8263-9A7D48DF0378}.Debug|Any CPU.ActiveCfg = Debug|Any CPU
		{24D5D44C-2E2E-4080-8263-9A7D48DF0378}.Debug|Any CPU.Build.0 = Debug|Any CPU
		{24D5D44C-2E2E-4080-8263-9A7D48DF0378}.Release|Any CPU.ActiveCfg = Release|Any CPU
		{24D5D44C-2E2E-4080-8263-9A7D48DF0378}.Release|Any CPU.Build.0 = Release|Any CPU
		{C00B8F32-DE02-4F2E-B254-AD9D502C524A}.Debug|Any CPU.ActiveCfg = Debug|Any CPU
		{C00B8F32-DE02-4F2E-B254-AD9D502C524A}.Debug|Any CPU.Build.0 = Debug|Any CPU
		{C00B8F32-DE02-4F2E-B254-AD9D502C524A}.Release|Any CPU.ActiveCfg = Release|Any CPU
		{C00B8F32-DE02-4F2E-B254-AD9D502C524A}.Release|Any CPU.Build.0 = Release|Any CPU
		{FF55FEAA-58AC-4874-84AE-D04F9AF24227}.Debug|Any CPU.ActiveCfg = Debug|Any CPU
		{FF55FEAA-58AC-4874-84AE-D04F9AF24227}.Debug|Any CPU.Build.0 = Debug|Any CPU
		{FF55FEAA-58AC-4874-84AE-D04F9AF24227}.Release|Any CPU.ActiveCfg = Release|Any CPU
		{FF55FEAA-58AC-4874-84AE-D04F9AF24227}.Release|Any CPU.Build.0 = Release|Any CPU
		{C2A6A9DE-984F-4927-BBD1-1F5A7B237392}.Debug|Any CPU.ActiveCfg = Debug|Any CPU
		{C2A6A9DE-984F-4927-BBD1-1F5A7B237392}.Debug|Any CPU.Build.0 = Debug|Any CPU
		{C2A6A9DE-984F-4927-BBD1-1F5A7B237392}.Release|Any CPU.ActiveCfg = Release|Any CPU
		{C2A6A9DE-984F-4927-BBD1-1F5A7B237392}.Release|Any CPU.Build.0 = Release|Any CPU
		{A67E88FA-1495-4B9A-B36E-4A77252500ED}.Debug|Any CPU.ActiveCfg = Debug|Any CPU
		{A67E88FA-1495-4B9A-B36E-4A77252500ED}.Debug|Any CPU.Build.0 = Debug|Any CPU
		{A67E88FA-1495-4B9A-B36E-4A77252500ED}.Release|Any CPU.ActiveCfg = Release|Any CPU
		{A67E88FA-1495-4B9A-B36E-4A77252500ED}.Release|Any CPU.Build.0 = Release|Any CPU
		{0832F2EC-044D-4F38-9073-CCCDDF422511}.Debug|Any CPU.ActiveCfg = Debug|Any CPU
		{0832F2EC-044D-4F38-9073-CCCDDF422511}.Debug|Any CPU.Build.0 = Debug|Any CPU
		{0832F2EC-044D-4F38-9073-CCCDDF422511}.Release|Any CPU.ActiveCfg = Release|Any CPU
		{0832F2EC-044D-4F38-9073-CCCDDF422511}.Release|Any CPU.Build.0 = Release|Any CPU
		{7D45B035-91D8-4097-ACAC-4B0650056689}.Debug|Any CPU.ActiveCfg = Debug|Any CPU
		{7D45B035-91D8-4097-ACAC-4B0650056689}.Debug|Any CPU.Build.0 = Debug|Any CPU
		{7D45B035-91D8-4097-ACAC-4B0650056689}.Release|Any CPU.ActiveCfg = Release|Any CPU
		{7D45B035-91D8-4097-ACAC-4B0650056689}.Release|Any CPU.Build.0 = Release|Any CPU
		{1125BC86-798B-42D9-A9A2-DB365935A58A}.Debug|Any CPU.ActiveCfg = Debug|Any CPU
		{1125BC86-798B-42D9-A9A2-DB365935A58A}.Debug|Any CPU.Build.0 = Debug|Any CPU
		{1125BC86-798B-42D9-A9A2-DB365935A58A}.Release|Any CPU.ActiveCfg = Release|Any CPU
		{1125BC86-798B-42D9-A9A2-DB365935A58A}.Release|Any CPU.Build.0 = Release|Any CPU
		{F1170026-74A0-4A11-9DDC-3786B7537841}.Debug|Any CPU.ActiveCfg = Debug|Any CPU
		{F1170026-74A0-4A11-9DDC-3786B7537841}.Debug|Any CPU.Build.0 = Debug|Any CPU
		{F1170026-74A0-4A11-9DDC-3786B7537841}.Release|Any CPU.ActiveCfg = Release|Any CPU
		{F1170026-74A0-4A11-9DDC-3786B7537841}.Release|Any CPU.Build.0 = Release|Any CPU
	EndGlobalSection
	GlobalSection(SolutionProperties) = preSolution
		HideSolutionNode = FALSE
	EndGlobalSection
	GlobalSection(ExtensibilityGlobals) = postSolution
		SolutionGuid = {A24E66FB-8DD1-4CC8-882E-996EC325D0AC}
	EndGlobalSection
EndGlobal
